
Microsoft Visual Studio Solution File, Format Version 12.00
# Visual Studio Version 17
VisualStudioVersion = 17.3.32804.467
MinimumVisualStudioVersion = 10.0.40219.1
Project("{FAE04EC0-301F-11D3-BF4B-00C04F79EFBC}") = "ChainOfResponsibility", "ChainOfResponsibility\ChainOfResponsibility.csproj", "{8BA92E21-39BA-4E37-9F6E-D67D2AEC543D}"
EndProject
Global
	GlobalSection(SolutionConfigurationPlatforms) = preSolution
		Debug|Any CPU = Debug|Any CPU
		Release|Any CPU = Release|Any CPU
	EndGlobalSection
	GlobalSection(ProjectConfigurationPlatforms) = postSolution
		{8BA92E21-39BA-4E37-9F6E-D67D2AEC543D}.Debug|Any CPU.ActiveCfg = Debug|Any CPU
		{8BA92E21-39BA-4E37-9F6E-D67D2AEC543D}.Debug|Any CPU.Build.0 = Debug|Any CPU
		{8BA92E21-39BA-4E37-9F6E-D67D2AEC543D}.Release|Any CPU.ActiveCfg = Release|Any CPU
		{8BA92E21-39BA-4E37-9F6E-D67D2AEC543D}.Release|Any CPU.Build.0 = Release|Any CPU
	EndGlobalSection
	GlobalSection(SolutionProperties) = preSolution
		HideSolutionNode = FALSE
	EndGlobalSection
	GlobalSection(ExtensibilityGlobals) = postSolution
		SolutionGuid = {78CD7CA3-EF0C-4FA7-B0F1-4F71500A20BF}
	EndGlobalSection
EndGlobal
