
Microsoft Visual Studio Solution File, Format Version 12.00
# Visual Studio Version 16
VisualStudioVersion = 16.0.31005.135
MinimumVisualStudioVersion = 10.0.40219.1
Project("{FAE04EC0-301F-11D3-BF4B-00C04F79EFBC}") = "StrategyPattern", "StartegyPattern\StrategyPattern.csproj", "{24AA2E0A-57C0-4CD0-B952-CFC2B939043A}"
EndProject
Global
	GlobalSection(SolutionConfigurationPlatforms) = preSolution
		Debug|Any CPU = Debug|Any CPU
		Release|Any CPU = Release|Any CPU
	EndGlobalSection
	GlobalSection(ProjectConfigurationPlatforms) = postSolution
		{24AA2E0A-57C0-4CD0-B952-CFC2B939043A}.Debug|Any CPU.ActiveCfg = Debug|Any CPU
		{24AA2E0A-57C0-4CD0-B952-CFC2B939043A}.Debug|Any CPU.Build.0 = Debug|Any CPU
		{24AA2E0A-57C0-4CD0-B952-CFC2B939043A}.Release|Any CPU.ActiveCfg = Release|Any CPU
		{24AA2E0A-57C0-4CD0-B952-CFC2B939043A}.Release|Any CPU.Build.0 = Release|Any CPU
	EndGlobalSection
	GlobalSection(SolutionProperties) = preSolution
		HideSolutionNode = FALSE
	EndGlobalSection
	GlobalSection(ExtensibilityGlobals) = postSolution
		SolutionGuid = {C790A15A-81A3-4CAA-978B-0033902427C8}
	EndGlobalSection
EndGlobal
