
Microsoft Visual Studio Solution File, Format Version 12.00
# Visual Studio Version 16
VisualStudioVersion = 16.0.31005.135
MinimumVisualStudioVersion = 10.0.40219.1
Project("{FAE04EC0-301F-11D3-BF4B-00C04F79EFBC}") = "DecoratorPattern", "DecoratorPattern\DecoratorPattern.csproj", "{453CCDB8-00E7-4F65-9481-A61578B0A78C}"
EndProject
Global
	GlobalSection(SolutionConfigurationPlatforms) = preSolution
		Debug|Any CPU = Debug|Any CPU
		Release|Any CPU = Release|Any CPU
	EndGlobalSection
	GlobalSection(ProjectConfigurationPlatforms) = postSolution
		{453CCDB8-00E7-4F65-9481-A61578B0A78C}.Debug|Any CPU.ActiveCfg = Debug|Any CPU
		{453CCDB8-00E7-4F65-9481-A61578B0A78C}.Debug|Any CPU.Build.0 = Debug|Any CPU
		{453CCDB8-00E7-4F65-9481-A61578B0A78C}.Release|Any CPU.ActiveCfg = Release|Any CPU
		{453CCDB8-00E7-4F65-9481-A61578B0A78C}.Release|Any CPU.Build.0 = Release|Any CPU
	EndGlobalSection
	GlobalSection(SolutionProperties) = preSolution
		HideSolutionNode = FALSE
	EndGlobalSection
	GlobalSection(ExtensibilityGlobals) = postSolution
		SolutionGuid = {DB1BF521-7C01-4B6C-BE4E-6848A69B3C35}
	EndGlobalSection
EndGlobal
